
Microsoft Visual Studio Solution File, Format Version 12.00
# Visual Studio Version 17
VisualStudioVersion = 17.4.33122.133
MinimumVisualStudioVersion = 10.0.40219.1
Project("{FAE04EC0-301F-11D3-BF4B-00C04F79EFBC}") = "Module13_Practice_2", "Module13_Practice_2\Module13_Practice_2.csproj", "{1965F4E5-82D4-4ED3-945D-18AC33E9EE8B}"
EndProject
Global
	GlobalSection(SolutionConfigurationPlatforms) = preSolution
		Debug|Any CPU = Debug|Any CPU
		Release|Any CPU = Release|Any CPU
	EndGlobalSection
	GlobalSection(ProjectConfigurationPlatforms) = postSolution
		{1965F4E5-82D4-4ED3-945D-18AC33E9EE8B}.Debug|Any CPU.ActiveCfg = Debug|Any CPU
		{1965F4E5-82D4-4ED3-945D-18AC33E9EE8B}.Debug|Any CPU.Build.0 = Debug|Any CPU
		{1965F4E5-82D4-4ED3-945D-18AC33E9EE8B}.Release|Any CPU.ActiveCfg = Release|Any CPU
		{1965F4E5-82D4-4ED3-945D-18AC33E9EE8B}.Release|Any CPU.Build.0 = Release|Any CPU
	EndGlobalSection
	GlobalSection(SolutionProperties) = preSolution
		HideSolutionNode = FALSE
	EndGlobalSection
	GlobalSection(ExtensibilityGlobals) = postSolution
		SolutionGuid = {E9AE0530-2FD0-40F2-9D66-33A4A1924507}
	EndGlobalSection
EndGlobal
